
Microsoft Visual Studio Solution File, Format Version 12.00
# Visual Studio Version 16
VisualStudioVersion = 16.0.32126.315
MinimumVisualStudioVersion = 10.0.40219.1
Project("{FAE04EC0-301F-11D3-BF4B-00C04F79EFBC}") = "MusicRecordsREST", "MusicRecordsREST\MusicRecordsREST.csproj", "{ECFCAFBE-B869-4CD4-8B06-843AB4723EB7}"
EndProject
Global
	GlobalSection(SolutionConfigurationPlatforms) = preSolution
		Debug|Any CPU = Debug|Any CPU
		Release|Any CPU = Release|Any CPU
	EndGlobalSection
	GlobalSection(ProjectConfigurationPlatforms) = postSolution
		{ECFCAFBE-B869-4CD4-8B06-843AB4723EB7}.Debug|Any CPU.ActiveCfg = Debug|Any CPU
		{ECFCAFBE-B869-4CD4-8B06-843AB4723EB7}.Debug|Any CPU.Build.0 = Debug|Any CPU
		{ECFCAFBE-B869-4CD4-8B06-843AB4723EB7}.Release|Any CPU.ActiveCfg = Release|Any CPU
		{ECFCAFBE-B869-4CD4-8B06-843AB4723EB7}.Release|Any CPU.Build.0 = Release|Any CPU
	EndGlobalSection
	GlobalSection(SolutionProperties) = preSolution
		HideSolutionNode = FALSE
	EndGlobalSection
	GlobalSection(ExtensibilityGlobals) = postSolution
		SolutionGuid = {946EFB53-92C5-44D0-9ED8-0B3550EE6DB4}
	EndGlobalSection
EndGlobal
